// !$*UTF8*$!
{
	archiveVersion = 1;
	classes = {
	};
	objectVersion = 46;
	objects = {

/* Begin PBXBuildFile section */
		267BD8ED1C3140E900C50927 /* main.m in Sources */ = {isa = PBXBuildFile; fileRef = 267BD8EC1C3140E900C50927 /* main.m */; };
		267BD8F01C3140E900C50927 /* AppDelegate.m in Sources */ = {isa = PBXBuildFile; fileRef = 267BD8EF1C3140E900C50927 /* AppDelegate.m */; };
		267BD8F31C3140E900C50927 /* MainViewController.m in Sources */ = {isa = PBXBuildFile; fileRef = 267BD8F21C3140E900C50927 /* MainViewController.m */; };
		267BD8F61C3140E900C50927 /* Main.storyboard in Resources */ = {isa = PBXBuildFile; fileRef = 267BD8F41C3140E900C50927 /* Main.storyboard */; };
		267BD8F81C3140E900C50927 /* Assets.xcassets in Resources */ = {isa = PBXBuildFile; fileRef = 267BD8F71C3140E900C50927 /* Assets.xcassets */; };
		267BD8FB1C3140E900C50927 /* LaunchScreen.storyboard in Resources */ = {isa = PBXBuildFile; fileRef = 267BD8F91C3140E900C50927 /* LaunchScreen.storyboard */; };
		267BD9051C3144D600C50927 /* BSHylaService.m in Sources */ = {isa = PBXBuildFile; fileRef = 267BD9041C3144D600C50927 /* BSHylaService.m */; };
		267BD9091C3145E000C50927 /* BSHTTPManager.m in Sources */ = {isa = PBXBuildFile; fileRef = 267BD9081C3145E000C50927 /* BSHTTPManager.m */; };
		267BD90D1C31461400C50927 /* BSServiceModel.m in Sources */ = {isa = PBXBuildFile; fileRef = 267BD90C1C31461400C50927 /* BSServiceModel.m */; };
		267BD9111C3154BC00C50927 /* SBMappingProvider.m in Sources */ = {isa = PBXBuildFile; fileRef = 267BD9101C3154BC00C50927 /* SBMappingProvider.m */; };
		267BD9141C3154F700C50927 /* SBMappingProvider+SBServiceModel.m in Sources */ = {isa = PBXBuildFile; fileRef = 267BD9131C3154F700C50927 /* SBMappingProvider+SBServiceModel.m */; };
		267BD9171C31833700C50927 /* BSHylaActivationViewController.m in Sources */ = {isa = PBXBuildFile; fileRef = 267BD9161C31833700C50927 /* BSHylaActivationViewController.m */; };
		267BD91A1C32B33500C50927 /* BSInjectJsModel.m in Sources */ = {isa = PBXBuildFile; fileRef = 267BD9191C32B33500C50927 /* BSInjectJsModel.m */; };
		267BD91D1C32B37000C50927 /* SBMappingProvider+BSInjectJsModel.m in Sources */ = {isa = PBXBuildFile; fileRef = 267BD91C1C32B37000C50927 /* SBMappingProvider+BSInjectJsModel.m */; };
		E5418A3EED1C4C0E38A1C118 /* libPods.a in Frameworks */ = {isa = PBXBuildFile; fileRef = DADCC85D03C34D3C86119D0E /* libPods.a */; };
/* End PBXBuildFile section */

/* Begin PBXFileReference section */
		267BD8E81C3140E900C50927 /* PocHyla.app */ = {isa = PBXFileReference; explicitFileType = wrapper.application; includeInIndex = 0; path = PocHyla.app; sourceTree = BUILT_PRODUCTS_DIR; };
		267BD8EC1C3140E900C50927 /* main.m */ = {isa = PBXFileReference; lastKnownFileType = sourcecode.c.objc; path = main.m; sourceTree = "<group>"; };
		267BD8EE1C3140E900C50927 /* AppDelegate.h */ = {isa = PBXFileReference; lastKnownFileType = sourcecode.c.h; path = AppDelegate.h; sourceTree = "<group>"; };
		267BD8EF1C3140E900C50927 /* AppDelegate.m */ = {isa = PBXFileReference; lastKnownFileType = sourcecode.c.objc; path = AppDelegate.m; sourceTree = "<group>"; };
		267BD8F11C3140E900C50927 /* MainViewController.h */ = {isa = PBXFileReference; lastKnownFileType = sourcecode.c.h; path = MainViewController.h; sourceTree = "<group>"; };
		267BD8F21C3140E900C50927 /* MainViewController.m */ = {isa = PBXFileReference; lastKnownFileType = sourcecode.c.objc; path = MainViewController.m; sourceTree = "<group>"; };
		267BD8F51C3140E900C50927 /* Base */ = {isa = PBXFileReference; lastKnownFileType = file.storyboard; name = Base; path = Base.lproj/Main.storyboard; sourceTree = "<group>"; };
		267BD8F71C3140E900C50927 /* Assets.xcassets */ = {isa = PBXFileReference; lastKnownFileType = folder.assetcatalog; path = Assets.xcassets; sourceTree = "<group>"; };
		267BD8FA1C3140E900C50927 /* Base */ = {isa = PBXFileReference; lastKnownFileType = file.storyboard; name = Base; path = Base.lproj/LaunchScreen.storyboard; sourceTree = "<group>"; };
		267BD8FC1C3140E900C50927 /* Info.plist */ = {isa = PBXFileReference; lastKnownFileType = text.plist.xml; path = Info.plist; sourceTree = "<group>"; };
		267BD9031C3144D600C50927 /* BSHylaService.h */ = {isa = PBXFileReference; fileEncoding = 4; lastKnownFileType = sourcecode.c.h; name = BSHylaService.h; path = Service/BSHylaService.h; sourceTree = "<group>"; };
		267BD9041C3144D600C50927 /* BSHylaService.m */ = {isa = PBXFileReference; fileEncoding = 4; lastKnownFileType = sourcecode.c.objc; name = BSHylaService.m; path = Service/BSHylaService.m; sourceTree = "<group>"; };
		267BD9071C3145E000C50927 /* BSHTTPManager.h */ = {isa = PBXFileReference; fileEncoding = 4; lastKnownFileType = sourcecode.c.h; name = BSHTTPManager.h; path = Networking/BSHTTPManager.h; sourceTree = "<group>"; };
		267BD9081C3145E000C50927 /* BSHTTPManager.m */ = {isa = PBXFileReference; fileEncoding = 4; lastKnownFileType = sourcecode.c.objc; name = BSHTTPManager.m; path = Networking/BSHTTPManager.m; sourceTree = "<group>"; };
		267BD90B1C31461400C50927 /* BSServiceModel.h */ = {isa = PBXFileReference; fileEncoding = 4; lastKnownFileType = sourcecode.c.h; name = BSServiceModel.h; path = Models/BSServiceModel.h; sourceTree = "<group>"; };
		267BD90C1C31461400C50927 /* BSServiceModel.m */ = {isa = PBXFileReference; fileEncoding = 4; lastKnownFileType = sourcecode.c.objc; name = BSServiceModel.m; path = Models/BSServiceModel.m; sourceTree = "<group>"; };
		267BD90F1C3154BC00C50927 /* SBMappingProvider.h */ = {isa = PBXFileReference; fileEncoding = 4; lastKnownFileType = sourcecode.c.h; name = SBMappingProvider.h; path = Mapping/SBMappingProvider.h; sourceTree = "<group>"; };
		267BD9101C3154BC00C50927 /* SBMappingProvider.m */ = {isa = PBXFileReference; fileEncoding = 4; lastKnownFileType = sourcecode.c.objc; name = SBMappingProvider.m; path = Mapping/SBMappingProvider.m; sourceTree = "<group>"; };
		267BD9121C3154F700C50927 /* SBMappingProvider+SBServiceModel.h */ = {isa = PBXFileReference; fileEncoding = 4; lastKnownFileType = sourcecode.c.h; name = "SBMappingProvider+SBServiceModel.h"; path = "Mapping/SBMappingProvider+SBServiceModel.h"; sourceTree = "<group>"; };
		267BD9131C3154F700C50927 /* SBMappingProvider+SBServiceModel.m */ = {isa = PBXFileReference; fileEncoding = 4; lastKnownFileType = sourcecode.c.objc; name = "SBMappingProvider+SBServiceModel.m"; path = "Mapping/SBMappingProvider+SBServiceModel.m"; sourceTree = "<group>"; };
		267BD9151C31833700C50927 /* BSHylaActivationViewController.h */ = {isa = PBXFileReference; fileEncoding = 4; lastKnownFileType = sourcecode.c.h; path = BSHylaActivationViewController.h; sourceTree = "<group>"; };
		267BD9161C31833700C50927 /* BSHylaActivationViewController.m */ = {isa = PBXFileReference; fileEncoding = 4; lastKnownFileType = sourcecode.c.objc; path = BSHylaActivationViewController.m; sourceTree = "<group>"; };
		267BD9181C32B33500C50927 /* BSInjectJsModel.h */ = {isa = PBXFileReference; fileEncoding = 4; lastKnownFileType = sourcecode.c.h; name = BSInjectJsModel.h; path = Models/BSInjectJsModel.h; sourceTree = "<group>"; };
		267BD9191C32B33500C50927 /* BSInjectJsModel.m */ = {isa = PBXFileReference; fileEncoding = 4; lastKnownFileType = sourcecode.c.objc; name = BSInjectJsModel.m; path = Models/BSInjectJsModel.m; sourceTree = "<group>"; };
		267BD91B1C32B37000C50927 /* SBMappingProvider+BSInjectJsModel.h */ = {isa = PBXFileReference; fileEncoding = 4; lastKnownFileType = sourcecode.c.h; name = "SBMappingProvider+BSInjectJsModel.h"; path = "Mapping/SBMappingProvider+BSInjectJsModel.h"; sourceTree = "<group>"; };
		267BD91C1C32B37000C50927 /* SBMappingProvider+BSInjectJsModel.m */ = {isa = PBXFileReference; fileEncoding = 4; lastKnownFileType = sourcecode.c.objc; name = "SBMappingProvider+BSInjectJsModel.m"; path = "Mapping/SBMappingProvider+BSInjectJsModel.m"; sourceTree = "<group>"; };
		28FBA63DE39FC56848A2D29D /* Pods.debug.xcconfig */ = {isa = PBXFileReference; includeInIndex = 1; lastKnownFileType = text.xcconfig; name = Pods.debug.xcconfig; path = "Pods/Target Support Files/Pods/Pods.debug.xcconfig"; sourceTree = "<group>"; };
		BFEB6709AB7C7FD4B79C04BC /* Pods.release.xcconfig */ = {isa = PBXFileReference; includeInIndex = 1; lastKnownFileType = text.xcconfig; name = Pods.release.xcconfig; path = "Pods/Target Support Files/Pods/Pods.release.xcconfig"; sourceTree = "<group>"; };
		DADCC85D03C34D3C86119D0E /* libPods.a */ = {isa = PBXFileReference; explicitFileType = archive.ar; includeInIndex = 0; path = libPods.a; sourceTree = BUILT_PRODUCTS_DIR; };
/* End PBXFileReference section */

/* Begin PBXFrameworksBuildPhase section */
		267BD8E51C3140E900C50927 /* Frameworks */ = {
			isa = PBXFrameworksBuildPhase;
			buildActionMask = 2147483647;
			files = (
				E5418A3EED1C4C0E38A1C118 /* libPods.a in Frameworks */,
			);
			runOnlyForDeploymentPostprocessing = 0;
		};
/* End PBXFrameworksBuildPhase section */

/* Begin PBXGroup section */
		1D9436CCA4765C5ED5E6B2D2 /* Frameworks */ = {
			isa = PBXGroup;
			children = (
				DADCC85D03C34D3C86119D0E /* libPods.a */,
			);
			name = Frameworks;
			sourceTree = "<group>";
		};
		267BD8DF1C3140E900C50927 = {
			isa = PBXGroup;
			children = (
				267BD8EA1C3140E900C50927 /* PocHyla */,
				267BD8E91C3140E900C50927 /* Products */,
				F23086FEFAF600D5CF6FF439 /* Pods */,
				1D9436CCA4765C5ED5E6B2D2 /* Frameworks */,
			);
			sourceTree = "<group>";
		};
		267BD8E91C3140E900C50927 /* Products */ = {
			isa = PBXGroup;
			children = (
				267BD8E81C3140E900C50927 /* PocHyla.app */,
			);
			name = Products;
			sourceTree = "<group>";
		};
		267BD8EA1C3140E900C50927 /* PocHyla */ = {
			isa = PBXGroup;
			children = (
				267BD90A1C3145E600C50927 /* Models */,
				267BD9061C31451B00C50927 /* Networking */,
				267BD9021C3144AA00C50927 /* Service */,
				267BD8EE1C3140E900C50927 /* AppDelegate.h */,
				267BD8EF1C3140E900C50927 /* AppDelegate.m */,
				267BD8F11C3140E900C50927 /* MainViewController.h */,
				267BD8F21C3140E900C50927 /* MainViewController.m */,
				267BD9151C31833700C50927 /* BSHylaActivationViewController.h */,
				267BD9161C31833700C50927 /* BSHylaActivationViewController.m */,
				267BD8F41C3140E900C50927 /* Main.storyboard */,
				267BD8F71C3140E900C50927 /* Assets.xcassets */,
				267BD8F91C3140E900C50927 /* LaunchScreen.storyboard */,
				267BD8FC1C3140E900C50927 /* Info.plist */,
				267BD8EB1C3140E900C50927 /* Supporting Files */,
			);
			path = PocHyla;
			sourceTree = "<group>";
		};
		267BD8EB1C3140E900C50927 /* Supporting Files */ = {
			isa = PBXGroup;
			children = (
				267BD8EC1C3140E900C50927 /* main.m */,
			);
			name = "Supporting Files";
			sourceTree = "<group>";
		};
		267BD9021C3144AA00C50927 /* Service */ = {
			isa = PBXGroup;
			children = (
				267BD9031C3144D600C50927 /* BSHylaService.h */,
				267BD9041C3144D600C50927 /* BSHylaService.m */,
			);
			name = Service;
			sourceTree = "<group>";
		};
		267BD9061C31451B00C50927 /* Networking */ = {
			isa = PBXGroup;
			children = (
				267BD9071C3145E000C50927 /* BSHTTPManager.h */,
				267BD9081C3145E000C50927 /* BSHTTPManager.m */,
			);
			name = Networking;
			sourceTree = "<group>";
		};
		267BD90A1C3145E600C50927 /* Models */ = {
			isa = PBXGroup;
			children = (
				267BD90E1C3151D900C50927 /* Mapping */,
				267BD90B1C31461400C50927 /* BSServiceModel.h */,
				267BD90C1C31461400C50927 /* BSServiceModel.m */,
				267BD9181C32B33500C50927 /* BSInjectJsModel.h */,
				267BD9191C32B33500C50927 /* BSInjectJsModel.m */,
			);
			name = Models;
			sourceTree = "<group>";
		};
		267BD90E1C3151D900C50927 /* Mapping */ = {
			isa = PBXGroup;
			children = (
				267BD90F1C3154BC00C50927 /* SBMappingProvider.h */,
				267BD9101C3154BC00C50927 /* SBMappingProvider.m */,
				267BD9121C3154F700C50927 /* SBMappingProvider+SBServiceModel.h */,
				267BD9131C3154F700C50927 /* SBMappingProvider+SBServiceModel.m */,
				267BD91B1C32B37000C50927 /* SBMappingProvider+BSInjectJsModel.h */,
				267BD91C1C32B37000C50927 /* SBMappingProvider+BSInjectJsModel.m */,
			);
			name = Mapping;
			sourceTree = "<group>";
		};
		F23086FEFAF600D5CF6FF439 /* Pods */ = {
			isa = PBXGroup;
			children = (
				28FBA63DE39FC56848A2D29D /* Pods.debug.xcconfig */,
				BFEB6709AB7C7FD4B79C04BC /* Pods.release.xcconfig */,
			);
			name = Pods;
			sourceTree = "<group>";
		};
/* End PBXGroup section */

/* Begin PBXNativeTarget section */
		267BD8E71C3140E900C50927 /* PocHyla */ = {
			isa = PBXNativeTarget;
			buildConfigurationList = 267BD8FF1C3140E900C50927 /* Build configuration list for PBXNativeTarget "PocHyla" */;
			buildPhases = (
				FB910ADE9EA83BC45BFE3D7E /* Check Pods Manifest.lock */,
				267BD8E41C3140E900C50927 /* Sources */,
				267BD8E51C3140E900C50927 /* Frameworks */,
				267BD8E61C3140E900C50927 /* Resources */,
				ED205E8782D06F8C89EE279F /* Embed Pods Frameworks */,
				0942611809D07017FE8E47A8 /* Copy Pods Resources */,
			);
			buildRules = (
			);
			dependencies = (
			);
			name = PocHyla;
			productName = PocHyla;
			productReference = 267BD8E81C3140E900C50927 /* PocHyla.app */;
			productType = "com.apple.product-type.application";
		};
/* End PBXNativeTarget section */

/* Begin PBXProject section */
		267BD8E01C3140E900C50927 /* Project object */ = {
			isa = PBXProject;
			attributes = {
				LastUpgradeCheck = 0720;
				ORGANIZATIONNAME = "Dima Yarmolchuk";
				TargetAttributes = {
					267BD8E71C3140E900C50927 = {
						CreatedOnToolsVersion = 7.2;
					};
				};
			};
			buildConfigurationList = 267BD8E31C3140E900C50927 /* Build configuration list for PBXProject "PocHyla" */;
			compatibilityVersion = "Xcode 3.2";
			developmentRegion = English;
			hasScannedForEncodings = 0;
			knownRegions = (
				en,
				Base,
			);
			mainGroup = 267BD8DF1C3140E900C50927;
			productRefGroup = 267BD8E91C3140E900C50927 /* Products */;
			projectDirPath = "";
			projectRoot = "";
			targets = (
				267BD8E71C3140E900C50927 /* PocHyla */,
			);
		};
/* End PBXProject section */

/* Begin PBXResourcesBuildPhase section */
		267BD8E61C3140E900C50927 /* Resources */ = {
			isa = PBXResourcesBuildPhase;
			buildActionMask = 2147483647;
			files = (
				267BD8FB1C3140E900C50927 /* LaunchScreen.storyboard in Resources */,
				267BD8F81C3140E900C50927 /* Assets.xcassets in Resources */,
				267BD8F61C3140E900C50927 /* Main.storyboard in Resources */,
			);
			runOnlyForDeploymentPostprocessing = 0;
		};
/* End PBXResourcesBuildPhase section */

/* Begin PBXShellScriptBuildPhase section */
		0942611809D07017FE8E47A8 /* Copy Pods Resources */ = {
			isa = PBXShellScriptBuildPhase;
			buildActionMask = 2147483647;
			files = (
			);
			inputPaths = (
			);
			name = "Copy Pods Resources";
			outputPaths = (
			);
			runOnlyForDeploymentPostprocessing = 0;
			shellPath = /bin/sh;
			shellScript = "\"${SRCROOT}/Pods/Target Support Files/Pods/Pods-resources.sh\"\n";
			showEnvVarsInLog = 0;
		};
		ED205E8782D06F8C89EE279F /* Embed Pods Frameworks */ = {
			isa = PBXShellScriptBuildPhase;
			buildActionMask = 2147483647;
			files = (
			);
			inputPaths = (
			);
			name = "Embed Pods Frameworks";
			outputPaths = (
			);
			runOnlyForDeploymentPostprocessing = 0;
			shellPath = /bin/sh;
			shellScript = "\"${SRCROOT}/Pods/Target Support Files/Pods/Pods-frameworks.sh\"\n";
			showEnvVarsInLog = 0;
		};
		FB910ADE9EA83BC45BFE3D7E /* Check Pods Manifest.lock */ = {
			isa = PBXShellScriptBuildPhase;
			buildActionMask = 2147483647;
			files = (
			);
			inputPaths = (
			);
			name = "Check Pods Manifest.lock";
			outputPaths = (
			);
			runOnlyForDeploymentPostprocessing = 0;
			shellPath = /bin/sh;
			shellScript = "diff \"${PODS_ROOT}/../Podfile.lock\" \"${PODS_ROOT}/Manifest.lock\" > /dev/null\nif [[ $? != 0 ]] ; then\n    cat << EOM\nerror: The sandbox is not in sync with the Podfile.lock. Run 'pod install' or update your CocoaPods installation.\nEOM\n    exit 1\nfi\n";
			showEnvVarsInLog = 0;
		};
/* End PBXShellScriptBuildPhase section */

/* Begin PBXSourcesBuildPhase section */
		267BD8E41C3140E900C50927 /* Sources */ = {
			isa = PBXSourcesBuildPhase;
			buildActionMask = 2147483647;
			files = (
				267BD8F31C3140E900C50927 /* MainViewController.m in Sources */,
				267BD9111C3154BC00C50927 /* SBMappingProvider.m in Sources */,
				267BD91A1C32B33500C50927 /* BSInjectJsModel.m in Sources */,
				267BD9171C31833700C50927 /* BSHylaActivationViewController.m in Sources */,
				267BD8F01C3140E900C50927 /* AppDelegate.m in Sources */,
				267BD91D1C32B37000C50927 /* SBMappingProvider+BSInjectJsModel.m in Sources */,
				267BD90D1C31461400C50927 /* BSServiceModel.m in Sources */,
				267BD9051C3144D600C50927 /* BSHylaService.m in Sources */,
				267BD9091C3145E000C50927 /* BSHTTPManager.m in Sources */,
				267BD8ED1C3140E900C50927 /* main.m in Sources */,
				267BD9141C3154F700C50927 /* SBMappingProvider+SBServiceModel.m in Sources */,
			);
			runOnlyForDeploymentPostprocessing = 0;
		};
/* End PBXSourcesBuildPhase section */

/* Begin PBXVariantGroup section */
		267BD8F41C3140E900C50927 /* Main.storyboard */ = {
			isa = PBXVariantGroup;
			children = (
				267BD8F51C3140E900C50927 /* Base */,
			);
			name = Main.storyboard;
			sourceTree = "<group>";
		};
		267BD8F91C3140E900C50927 /* LaunchScreen.storyboard */ = {
			isa = PBXVariantGroup;
			children = (
				267BD8FA1C3140E900C50927 /* Base */,
			);
			name = LaunchScreen.storyboard;
			sourceTree = "<group>";
		};
/* End PBXVariantGroup section */

/* Begin XCBuildConfiguration section */
		267BD8FD1C3140E900C50927 /* Debug */ = {
			isa = XCBuildConfiguration;
			buildSettings = {
				ALWAYS_SEARCH_USER_PATHS = NO;
				CLANG_CXX_LANGUAGE_STANDARD = "gnu++0x";
				CLANG_CXX_LIBRARY = "libc++";
				CLANG_ENABLE_MODULES = YES;
				CLANG_ENABLE_OBJC_ARC = YES;
				CLANG_WARN_BOOL_CONVERSION = YES;
				CLANG_WARN_CONSTANT_CONVERSION = YES;
				CLANG_WARN_DIRECT_OBJC_ISA_USAGE = YES_ERROR;
				CLANG_WARN_EMPTY_BODY = YES;
				CLANG_WARN_ENUM_CONVERSION = YES;
				CLANG_WARN_INT_CONVERSION = YES;
				CLANG_WARN_OBJC_ROOT_CLASS = YES_ERROR;
				CLANG_WARN_UNREACHABLE_CODE = YES;
				CLANG_WARN__DUPLICATE_METHOD_MATCH = YES;
				"CODE_SIGN_IDENTITY[sdk=iphoneos*]" = "iPhone Developer";
				COPY_PHASE_STRIP = NO;
				DEBUG_INFORMATION_FORMAT = dwarf;
				ENABLE_STRICT_OBJC_MSGSEND = YES;
				ENABLE_TESTABILITY = YES;
				GCC_C_LANGUAGE_STANDARD = gnu99;
				GCC_DYNAMIC_NO_PIC = NO;
				GCC_NO_COMMON_BLOCKS = YES;
				GCC_OPTIMIZATION_LEVEL = 0;
				GCC_PREPROCESSOR_DEFINITIONS = (
					"DEBUG=1",
					"$(inherited)",
				);
				GCC_WARN_64_TO_32_BIT_CONVERSION = YES;
				GCC_WARN_ABOUT_RETURN_TYPE = YES_ERROR;
				GCC_WARN_UNDECLARED_SELECTOR = YES;
				GCC_WARN_UNINITIALIZED_AUTOS = YES_AGGRESSIVE;
				GCC_WARN_UNUSED_FUNCTION = YES;
				GCC_WARN_UNUSED_VARIABLE = YES;
				IPHONEOS_DEPLOYMENT_TARGET = 9.2;
				MTL_ENABLE_DEBUG_INFO = YES;
				ONLY_ACTIVE_ARCH = YES;
				SDKROOT = iphoneos;
				TARGETED_DEVICE_FAMILY = 2;
			};
			name = Debug;
		};
		267BD8FE1C3140E900C50927 /* Release */ = {
			isa = XCBuildConfiguration;
			buildSettings = {
				ALWAYS_SEARCH_USER_PATHS = NO;
				CLANG_CXX_LANGUAGE_STANDARD = "gnu++0x";
				CLANG_CXX_LIBRARY = "libc++";
				CLANG_ENABLE_MODULES = YES;
				CLANG_ENABLE_OBJC_ARC = YES;
				CLANG_WARN_BOOL_CONVERSION = YES;
				CLANG_WARN_CONSTANT_CONVERSION = YES;
				CLANG_WARN_DIRECT_OBJC_ISA_USAGE = YES_ERROR;
				CLANG_WARN_EMPTY_BODY = YES;
				CLANG_WARN_ENUM_CONVERSION = YES;
				CLANG_WARN_INT_CONVERSION = YES;
				CLANG_WARN_OBJC_ROOT_CLASS = YES_ERROR;
				CLANG_WARN_UNREACHABLE_CODE = YES;
				CLANG_WARN__DUPLICATE_METHOD_MATCH = YES;
				"CODE_SIGN_IDENTITY[sdk=iphoneos*]" = "iPhone Developer";
				COPY_PHASE_STRIP = NO;
				DEBUG_INFORMATION_FORMAT = "dwarf-with-dsym";
				ENABLE_NS_ASSERTIONS = NO;
				ENABLE_STRICT_OBJC_MSGSEND = YES;
				GCC_C_LANGUAGE_STANDARD = gnu99;
				GCC_NO_COMMON_BLOCKS = YES;
				GCC_WARN_64_TO_32_BIT_CONVERSION = YES;
				GCC_WARN_ABOUT_RETURN_TYPE = YES_ERROR;
				GCC_WARN_UNDECLARED_SELECTOR = YES;
				GCC_WARN_UNINITIALIZED_AUTOS = YES_AGGRESSIVE;
				GCC_WARN_UNUSED_FUNCTION = YES;
				GCC_WARN_UNUSED_VARIABLE = YES;
				IPHONEOS_DEPLOYMENT_TARGET = 9.2;
				MTL_ENABLE_DEBUG_INFO = NO;
				SDKROOT = iphoneos;
				TARGETED_DEVICE_FAMILY = 2;
				VALIDATE_PRODUCT = YES;
			};
			name = Release;
		};
		267BD9001C3140E900C50927 /* Debug */ = {
			isa = XCBuildConfiguration;
			baseConfigurationReference = 28FBA63DE39FC56848A2D29D /* Pods.debug.xcconfig */;
			buildSettings = {
				ASSETCATALOG_COMPILER_APPICON_NAME = AppIcon;
				INFOPLIST_FILE = PocHyla/Info.plist;
				LD_RUNPATH_SEARCH_PATHS = "$(inherited) @executable_path/Frameworks";
				PRODUCT_BUNDLE_IDENTIFIER = b2bSoft.PocHyla;
				PRODUCT_NAME = "$(TARGET_NAME)";
			};
			name = Debug;
		};
		267BD9011C3140E900C50927 /* Release */ = {
			isa = XCBuildConfiguration;
			baseConfigurationReference = BFEB6709AB7C7FD4B79C04BC /* Pods.release.xcconfig */;
			buildSettings = {
				ASSETCATALOG_COMPILER_APPICON_NAME = AppIcon;
				INFOPLIST_FILE = PocHyla/Info.plist;
				LD_RUNPATH_SEARCH_PATHS = "$(inherited) @executable_path/Frameworks";
				PRODUCT_BUNDLE_IDENTIFIER = b2bSoft.PocHyla;
				PRODUCT_NAME = "$(TARGET_NAME)";
			};
			name = Release;
		};
/* End XCBuildConfiguration section */

/* Begin XCConfigurationList section */
		267BD8E31C3140E900C50927 /* Build configuration list for PBXProject "PocHyla" */ = {
			isa = XCConfigurationList;
			buildConfigurations = (
				267BD8FD1C3140E900C50927 /* Debug */,
				267BD8FE1C3140E900C50927 /* Release */,
			);
			defaultConfigurationIsVisible = 0;
			defaultConfigurationName = Release;
		};
		267BD8FF1C3140E900C50927 /* Build configuration list for PBXNativeTarget "PocHyla" */ = {
			isa = XCConfigurationList;
			buildConfigurations = (
				267BD9001C3140E900C50927 /* Debug */,
				267BD9011C3140E900C50927 /* Release */,
			);
			defaultConfigurationIsVisible = 0;
			defaultConfigurationName = Release;
		};
/* End XCConfigurationList section */
	};
	rootObject = 267BD8E01C3140E900C50927 /* Project object */;
}
